
Microsoft Visual Studio Solution File, Format Version 12.00
# Visual Studio 15
VisualStudioVersion = 15.0.28010.2050
MinimumVisualStudioVersion = 10.0.40219.1
Project("{FAE04EC0-301F-11D3-BF4B-00C04F79EFBC}") = "LogBrowser", "LogBrowser\LogBrowser.csproj", "{22599CC4-7492-4D24-AD41-5D900461C9C6}"
EndProject
Global
	GlobalSection(SolutionConfigurationPlatforms) = preSolution
		Debug|Any CPU = Debug|Any CPU
		Release|Any CPU = Release|Any CPU
	EndGlobalSection
	GlobalSection(ProjectConfigurationPlatforms) = postSolution
		{22599CC4-7492-4D24-AD41-5D900461C9C6}.Debug|Any CPU.ActiveCfg = Debug|Any CPU
		{22599CC4-7492-4D24-AD41-5D900461C9C6}.Debug|Any CPU.Build.0 = Debug|Any CPU
		{22599CC4-7492-4D24-AD41-5D900461C9C6}.Release|Any CPU.ActiveCfg = Release|Any CPU
		{22599CC4-7492-4D24-AD41-5D900461C9C6}.Release|Any CPU.Build.0 = Release|Any CPU
	EndGlobalSection
	GlobalSection(SolutionProperties) = preSolution
		HideSolutionNode = FALSE
	EndGlobalSection
	GlobalSection(ExtensibilityGlobals) = postSolution
		SolutionGuid = {F02E992B-8D94-4498-A38B-92D69CB14002}
	EndGlobalSection
EndGlobal
